
Microsoft Visual Studio Solution File, Format Version 12.00
# Visual Studio Version 17
VisualStudioVersion = 17.7.34031.279
MinimumVisualStudioVersion = 10.0.40219.1
Project("{FAE04EC0-301F-11D3-BF4B-00C04F79EFBC}") = "company.PL", "company.PL\company.PL.csproj", "{1F8AD524-39BF-4430-93BB-D4304F6238D8}"
EndProject
Project("{FAE04EC0-301F-11D3-BF4B-00C04F79EFBC}") = "Company.DAL", "Company.DAL\Company.DAL.csproj", "{92DD4B58-68AF-4EA0-AB0A-E361DCABFD1D}"
EndProject
Project("{FAE04EC0-301F-11D3-BF4B-00C04F79EFBC}") = "company.BLL", "company.BLL\company.BLL.csproj", "{951C52C0-3562-4278-B68A-0B7698633B55}"
EndProject
Global
	GlobalSection(SolutionConfigurationPlatforms) = preSolution
		Debug|Any CPU = Debug|Any CPU
		Release|Any CPU = Release|Any CPU
	EndGlobalSection
	GlobalSection(ProjectConfigurationPlatforms) = postSolution
		{1F8AD524-39BF-4430-93BB-D4304F6238D8}.Debug|Any CPU.ActiveCfg = Debug|Any CPU
		{1F8AD524-39BF-4430-93BB-D4304F6238D8}.Debug|Any CPU.Build.0 = Debug|Any CPU
		{1F8AD524-39BF-4430-93BB-D4304F6238D8}.Release|Any CPU.ActiveCfg = Release|Any CPU
		{1F8AD524-39BF-4430-93BB-D4304F6238D8}.Release|Any CPU.Build.0 = Release|Any CPU
		{92DD4B58-68AF-4EA0-AB0A-E361DCABFD1D}.Debug|Any CPU.ActiveCfg = Debug|Any CPU
		{92DD4B58-68AF-4EA0-AB0A-E361DCABFD1D}.Debug|Any CPU.Build.0 = Debug|Any CPU
		{92DD4B58-68AF-4EA0-AB0A-E361DCABFD1D}.Release|Any CPU.ActiveCfg = Release|Any CPU
		{92DD4B58-68AF-4EA0-AB0A-E361DCABFD1D}.Release|Any CPU.Build.0 = Release|Any CPU
		{951C52C0-3562-4278-B68A-0B7698633B55}.Debug|Any CPU.ActiveCfg = Debug|Any CPU
		{951C52C0-3562-4278-B68A-0B7698633B55}.Debug|Any CPU.Build.0 = Debug|Any CPU
		{951C52C0-3562-4278-B68A-0B7698633B55}.Release|Any CPU.ActiveCfg = Release|Any CPU
		{951C52C0-3562-4278-B68A-0B7698633B55}.Release|Any CPU.Build.0 = Release|Any CPU
	EndGlobalSection
	GlobalSection(SolutionProperties) = preSolution
		HideSolutionNode = FALSE
	EndGlobalSection
	GlobalSection(ExtensibilityGlobals) = postSolution
		SolutionGuid = {6EC2C2AD-74D5-46DA-87AC-E1A4381DFD2C}
	EndGlobalSection
EndGlobal
